// !$*UTF8*$!
{
	archiveVersion = 1;
	classes = {
	};
	objectVersion = 46;
	objects = {

/* Begin PBXBuildFile section */
		ED74A3351E78D59A0090D143 /* AppDelegate.swift in Sources */ = {isa = PBXBuildFile; fileRef = ED74A3341E78D59A0090D143 /* AppDelegate.swift */; };
		ED74A3371E78D59A0090D143 /* ViewController.swift in Sources */ = {isa = PBXBuildFile; fileRef = ED74A3361E78D59A0090D143 /* ViewController.swift */; };
		ED74A33A1E78D59A0090D143 /* Main.storyboard in Resources */ = {isa = PBXBuildFile; fileRef = ED74A3381E78D59A0090D143 /* Main.storyboard */; };
		ED74A33C1E78D59A0090D143 /* Assets.xcassets in Resources */ = {isa = PBXBuildFile; fileRef = ED74A33B1E78D59A0090D143 /* Assets.xcassets */; };
		ED74A33F1E78D59A0090D143 /* LaunchScreen.storyboard in Resources */ = {isa = PBXBuildFile; fileRef = ED74A33D1E78D59A0090D143 /* LaunchScreen.storyboard */; };
		ED79B3DA1E7B8C7100B75C23 /* CalculatorBrain.swift in Sources */ = {isa = PBXBuildFile; fileRef = ED79B3D91E7B8C7100B75C23 /* CalculatorBrain.swift */; };
/* End PBXBuildFile section */

/* Begin PBXFileReference section */
		ED74A3311E78D59A0090D143 /* FiApp.app */ = {isa = PBXFileReference; explicitFileType = wrapper.application; includeInIndex = 0; path = FiApp.app; sourceTree = BUILT_PRODUCTS_DIR; };
		ED74A3341E78D59A0090D143 /* AppDelegate.swift */ = {isa = PBXFileReference; lastKnownFileType = sourcecode.swift; path = AppDelegate.swift; sourceTree = "<group>"; };
		ED74A3361E78D59A0090D143 /* ViewController.swift */ = {isa = PBXFileReference; lastKnownFileType = sourcecode.swift; path = ViewController.swift; sourceTree = "<group>"; };
		ED74A3391E78D59A0090D143 /* Base */ = {isa = PBXFileReference; lastKnownFileType = file.storyboard; name = Base; path = Base.lproj/Main.storyboard; sourceTree = "<group>"; };
		ED74A33B1E78D59A0090D143 /* Assets.xcassets */ = {isa = PBXFileReference; lastKnownFileType = folder.assetcatalog; path = Assets.xcassets; sourceTree = "<group>"; };
		ED74A33E1E78D59A0090D143 /* Base */ = {isa = PBXFileReference; lastKnownFileType = file.storyboard; name = Base; path = Base.lproj/LaunchScreen.storyboard; sourceTree = "<group>"; };
		ED74A3401E78D59A0090D143 /* Info.plist */ = {isa = PBXFileReference; lastKnownFileType = text.plist.xml; path = Info.plist; sourceTree = "<group>"; };
		ED79B3D91E7B8C7100B75C23 /* CalculatorBrain.swift */ = {isa = PBXFileReference; fileEncoding = 4; lastKnownFileType = sourcecode.swift; path = CalculatorBrain.swift; sourceTree = "<group>"; };
/* End PBXFileReference section */

/* Begin PBXFrameworksBuildPhase section */
		ED74A32E1E78D59A0090D143 /* Frameworks */ = {
			isa = PBXFrameworksBuildPhase;
			buildActionMask = 2147483647;
			files = (
			);
			runOnlyForDeploymentPostprocessing = 0;
		};
/* End PBXFrameworksBuildPhase section */

/* Begin PBXGroup section */
		ED74A3281E78D59A0090D143 = {
			isa = PBXGroup;
			children = (
				ED74A3331E78D59A0090D143 /* FiApp */,
				ED74A3321E78D59A0090D143 /* Products */,
			);
			sourceTree = "<group>";
		};
		ED74A3321E78D59A0090D143 /* Products */ = {
			isa = PBXGroup;
			children = (
				ED74A3311E78D59A0090D143 /* FiApp.app */,
			);
			name = Products;
			sourceTree = "<group>";
		};
		ED74A3331E78D59A0090D143 /* FiApp */ = {
			isa = PBXGroup;
			children = (
				ED79B3D91E7B8C7100B75C23 /* CalculatorBrain.swift */,
				ED74A3361E78D59A0090D143 /* ViewController.swift */,
				ED74A3381E78D59A0090D143 /* Main.storyboard */,
				ED74A3461E78D5D60090D143 /* Supporting Files */,
			);
			path = FiApp;
			sourceTree = "<group>";
		};
		ED74A3461E78D5D60090D143 /* Supporting Files */ = {
			isa = PBXGroup;
			children = (
				ED74A3341E78D59A0090D143 /* AppDelegate.swift */,
				ED74A33B1E78D59A0090D143 /* Assets.xcassets */,
				ED74A33D1E78D59A0090D143 /* LaunchScreen.storyboard */,
				ED74A3401E78D59A0090D143 /* Info.plist */,
			);
			name = "Supporting Files";
			sourceTree = "<group>";
		};
/* End PBXGroup section */

/* Begin PBXNativeTarget section */
		ED74A3301E78D59A0090D143 /* FiApp */ = {
			isa = PBXNativeTarget;
			buildConfigurationList = ED74A3431E78D59A0090D143 /* Build configuration list for PBXNativeTarget "FiApp" */;
			buildPhases = (
				ED74A32D1E78D59A0090D143 /* Sources */,
				ED74A32E1E78D59A0090D143 /* Frameworks */,
				ED74A32F1E78D59A0090D143 /* Resources */,
			);
			buildRules = (
			);
			dependencies = (
			);
			name = FiApp;
			productName = FiApp;
			productReference = ED74A3311E78D59A0090D143 /* FiApp.app */;
			productType = "com.apple.product-type.application";
		};
/* End PBXNativeTarget section */

/* Begin PBXProject section */
		ED74A3291E78D59A0090D143 /* Project object */ = {
			isa = PBXProject;
			attributes = {
				LastSwiftUpdateCheck = 0820;
				LastUpgradeCheck = 0820;
				ORGANIZATIONNAME = CrazyLazy;
				TargetAttributes = {
					ED74A3301E78D59A0090D143 = {
						CreatedOnToolsVersion = 8.2.1;
						DevelopmentTeam = ZKUC98WWKS;
						ProvisioningStyle = Automatic;
					};
				};
			};
			buildConfigurationList = ED74A32C1E78D59A0090D143 /* Build configuration list for PBXProject "FiApp" */;
			compatibilityVersion = "Xcode 3.2";
			developmentRegion = English;
			hasScannedForEncodings = 0;
			knownRegions = (
				en,
				Base,
			);
			mainGroup = ED74A3281E78D59A0090D143;
			productRefGroup = ED74A3321E78D59A0090D143 /* Products */;
			projectDirPath = "";
			projectRoot = "";
			targets = (
				ED74A3301E78D59A0090D143 /* FiApp */,
			);
		};
/* End PBXProject section */

/* Begin PBXResourcesBuildPhase section */
		ED74A32F1E78D59A0090D143 /* Resources */ = {
			isa = PBXResourcesBuildPhase;
			buildActionMask = 2147483647;
			files = (
				ED74A33F1E78D59A0090D143 /* LaunchScreen.storyboard in Resources */,
				ED74A33C1E78D59A0090D143 /* Assets.xcassets in Resources */,
				ED74A33A1E78D59A0090D143 /* Main.storyboard in Resources */,
			);
			runOnlyForDeploymentPostprocessing = 0;
		};
/* End PBXResourcesBuildPhase section */

/* Begin PBXSourcesBuildPhase section */
		ED74A32D1E78D59A0090D143 /* Sources */ = {
			isa = PBXSourcesBuildPhase;
			buildActionMask = 2147483647;
			files = (
				ED79B3DA1E7B8C7100B75C23 /* CalculatorBrain.swift in Sources */,
				ED74A3371E78D59A0090D143 /* ViewController.swift in Sources */,
				ED74A3351E78D59A0090D143 /* AppDelegate.swift in Sources */,
			);
			runOnlyForDeploymentPostprocessing = 0;
		};
/* End PBXSourcesBuildPhase section */

/* Begin PBXVariantGroup section */
		ED74A3381E78D59A0090D143 /* Main.storyboard */ = {
			isa = PBXVariantGroup;
			children = (
				ED74A3391E78D59A0090D143 /* Base */,
			);
			name = Main.storyboard;
			sourceTree = "<group>";
		};
		ED74A33D1E78D59A0090D143 /* LaunchScreen.storyboard */ = {
			isa = PBXVariantGroup;
			children = (
				ED74A33E1E78D59A0090D143 /* Base */,
			);
			name = LaunchScreen.storyboard;
			sourceTree = "<group>";
		};
/* End PBXVariantGroup section */

/* Begin XCBuildConfiguration section */
		ED74A3411E78D59A0090D143 /* Debug */ = {
			isa = XCBuildConfiguration;
			buildSettings = {
				ALWAYS_SEARCH_USER_PATHS = NO;
				CLANG_ANALYZER_NONNULL = YES;
				CLANG_CXX_LANGUAGE_STANDARD = "gnu++0x";
				CLANG_CXX_LIBRARY = "libc++";
				CLANG_ENABLE_MODULES = YES;
				CLANG_ENABLE_OBJC_ARC = YES;
				CLANG_WARN_BOOL_CONVERSION = YES;
				CLANG_WARN_CONSTANT_CONVERSION = YES;
				CLANG_WARN_DIRECT_OBJC_ISA_USAGE = YES_ERROR;
				CLANG_WARN_DOCUMENTATION_COMMENTS = YES;
				CLANG_WARN_EMPTY_BODY = YES;
				CLANG_WARN_ENUM_CONVERSION = YES;
				CLANG_WARN_INFINITE_RECURSION = YES;
				CLANG_WARN_INT_CONVERSION = YES;
				CLANG_WARN_OBJC_ROOT_CLASS = YES_ERROR;
				CLANG_WARN_SUSPICIOUS_MOVE = YES;
				CLANG_WARN_UNREACHABLE_CODE = YES;
				CLANG_WARN__DUPLICATE_METHOD_MATCH = YES;
				"CODE_SIGN_IDENTITY[sdk=iphoneos*]" = "iPhone Developer";
				COPY_PHASE_STRIP = NO;
				DEBUG_INFORMATION_FORMAT = dwarf;
				ENABLE_STRICT_OBJC_MSGSEND = YES;
				ENABLE_TESTABILITY = YES;
				GCC_C_LANGUAGE_STANDARD = gnu99;
				GCC_DYNAMIC_NO_PIC = NO;
				GCC_NO_COMMON_BLOCKS = YES;
				GCC_OPTIMIZATION_LEVEL = 0;
				GCC_PREPROCESSOR_DEFINITIONS = (
					"DEBUG=1",
					"$(inherited)",
				);
				GCC_WARN_64_TO_32_BIT_CONVERSION = YES;
				GCC_WARN_ABOUT_RETURN_TYPE = YES_ERROR;
				GCC_WARN_UNDECLARED_SELECTOR = YES;
				GCC_WARN_UNINITIALIZED_AUTOS = YES_AGGRESSIVE;
				GCC_WARN_UNUSED_FUNCTION = YES;
				GCC_WARN_UNUSED_VARIABLE = YES;
				IPHONEOS_DEPLOYMENT_TARGET = 10.2;
				MTL_ENABLE_DEBUG_INFO = YES;
				ONLY_ACTIVE_ARCH = YES;
				SDKROOT = iphoneos;
				SWIFT_ACTIVE_COMPILATION_CONDITIONS = DEBUG;
				SWIFT_OPTIMIZATION_LEVEL = "-Onone";
				TARGETED_DEVICE_FAMILY = "1,2";
			};
			name = Debug;
		};
		ED74A3421E78D59A0090D143 /* Release */ = {
			isa = XCBuildConfiguration;
			buildSettings = {
				ALWAYS_SEARCH_USER_PATHS = NO;
				CLANG_ANALYZER_NONNULL = YES;
				CLANG_CXX_LANGUAGE_STANDARD = "gnu++0x";
				CLANG_CXX_LIBRARY = "libc++";
				CLANG_ENABLE_MODULES = YES;
				CLANG_ENABLE_OBJC_ARC = YES;
				CLANG_WARN_BOOL_CONVERSION = YES;
				CLANG_WARN_CONSTANT_CONVERSION = YES;
				CLANG_WARN_DIRECT_OBJC_ISA_USAGE = YES_ERROR;
				CLANG_WARN_DOCUMENTATION_COMMENTS = YES;
				CLANG_WARN_EMPTY_BODY = YES;
				CLANG_WARN_ENUM_CONVERSION = YES;
				CLANG_WARN_INFINITE_RECURSION = YES;
				CLANG_WARN_INT_CONVERSION = YES;
				CLANG_WARN_OBJC_ROOT_CLASS = YES_ERROR;
				CLANG_WARN_SUSPICIOUS_MOVE = YES;
				CLANG_WARN_UNREACHABLE_CODE = YES;
				CLANG_WARN__DUPLICATE_METHOD_MATCH = YES;
				"CODE_SIGN_IDENTITY[sdk=iphoneos*]" = "iPhone Developer";
				COPY_PHASE_STRIP = NO;
				DEBUG_INFORMATION_FORMAT = "dwarf-with-dsym";
				ENABLE_NS_ASSERTIONS = NO;
				ENABLE_STRICT_OBJC_MSGSEND = YES;
				GCC_C_LANGUAGE_STANDARD = gnu99;
				GCC_NO_COMMON_BLOCKS = YES;
				GCC_WARN_64_TO_32_BIT_CONVERSION = YES;
				GCC_WARN_ABOUT_RETURN_TYPE = YES_ERROR;
				GCC_WARN_UNDECLARED_SELECTOR = YES;
				GCC_WARN_UNINITIALIZED_AUTOS = YES_AGGRESSIVE;
				GCC_WARN_UNUSED_FUNCTION = YES;
				GCC_WARN_UNUSED_VARIABLE = YES;
				IPHONEOS_DEPLOYMENT_TARGET = 10.2;
				MTL_ENABLE_DEBUG_INFO = NO;
				SDKROOT = iphoneos;
				SWIFT_OPTIMIZATION_LEVEL = "-Owholemodule";
				TARGETED_DEVICE_FAMILY = "1,2";
				VALIDATE_PRODUCT = YES;
			};
			name = Release;
		};
		ED74A3441E78D59A0090D143 /* Debug */ = {
			isa = XCBuildConfiguration;
			buildSettings = {
				ASSETCATALOG_COMPILER_APPICON_NAME = AppIcon;
				DEVELOPMENT_TEAM = ZKUC98WWKS;
				INFOPLIST_FILE = FiApp/Info.plist;
				IPHONEOS_DEPLOYMENT_TARGET = 10.1;
				LD_RUNPATH_SEARCH_PATHS = "$(inherited) @executable_path/Frameworks";
				PRODUCT_BUNDLE_IDENTIFIER = zerone.crazylazy.FiApp;
				PRODUCT_NAME = "$(TARGET_NAME)";
				SWIFT_VERSION = 3.0;
			};
			name = Debug;
		};
		ED74A3451E78D59A0090D143 /* Release */ = {
			isa = XCBuildConfiguration;
			buildSettings = {
				ASSETCATALOG_COMPILER_APPICON_NAME = AppIcon;
				DEVELOPMENT_TEAM = ZKUC98WWKS;
				INFOPLIST_FILE = FiApp/Info.plist;
				IPHONEOS_DEPLOYMENT_TARGET = 10.1;
				LD_RUNPATH_SEARCH_PATHS = "$(inherited) @executable_path/Frameworks";
				PRODUCT_BUNDLE_IDENTIFIER = zerone.crazylazy.FiApp;
				PRODUCT_NAME = "$(TARGET_NAME)";
				SWIFT_VERSION = 3.0;
			};
			name = Release;
		};
/* End XCBuildConfiguration section */

/* Begin XCConfigurationList section */
		ED74A32C1E78D59A0090D143 /* Build configuration list for PBXProject "FiApp" */ = {
			isa = XCConfigurationList;
			buildConfigurations = (
				ED74A3411E78D59A0090D143 /* Debug */,
				ED74A3421E78D59A0090D143 /* Release */,
			);
			defaultConfigurationIsVisible = 0;
			defaultConfigurationName = Release;
		};
		ED74A3431E78D59A0090D143 /* Build configuration list for PBXNativeTarget "FiApp" */ = {
			isa = XCConfigurationList;
			buildConfigurations = (
				ED74A3441E78D59A0090D143 /* Debug */,
				ED74A3451E78D59A0090D143 /* Release */,
			);
			defaultConfigurationIsVisible = 0;
			defaultConfigurationName = Release;
		};
/* End XCConfigurationList section */
	};
	rootObject = ED74A3291E78D59A0090D143 /* Project object */;
}
